
Microsoft Visual Studio Solution File, Format Version 12.00
# Visual Studio Version 16
VisualStudioVersion = 16.0.31613.86
MinimumVisualStudioVersion = 10.0.40219.1
Project("{FAE04EC0-301F-11D3-BF4B-00C04F79EFBC}") = "ConsoleSnake", "ConsoleSnake.csproj", "{A23A83D5-2686-4DF7-A456-FC248786ECFE}"
EndProject
Global
	GlobalSection(SolutionConfigurationPlatforms) = preSolution
		Debug|Any CPU = Debug|Any CPU
		Release|Any CPU = Release|Any CPU
	EndGlobalSection
	GlobalSection(ProjectConfigurationPlatforms) = postSolution
		{A23A83D5-2686-4DF7-A456-FC248786ECFE}.Debug|Any CPU.ActiveCfg = Debug|Any CPU
		{A23A83D5-2686-4DF7-A456-FC248786ECFE}.Debug|Any CPU.Build.0 = Debug|Any CPU
		{A23A83D5-2686-4DF7-A456-FC248786ECFE}.Release|Any CPU.ActiveCfg = Release|Any CPU
		{A23A83D5-2686-4DF7-A456-FC248786ECFE}.Release|Any CPU.Build.0 = Release|Any CPU
	EndGlobalSection
	GlobalSection(SolutionProperties) = preSolution
		HideSolutionNode = FALSE
	EndGlobalSection
	GlobalSection(ExtensibilityGlobals) = postSolution
		SolutionGuid = {348EF378-D189-4084-BFCF-9B2394E03CEC}
	EndGlobalSection
EndGlobal
